// !$*UTF8*$!
{
	archiveVersion = 1;
	classes = {
	};
	objectVersion = 46;
	objects = {

/* Begin PBXBuildFile section */
		F418D98D1CA5A6D700426733 /* main.m in Sources */ = {isa = PBXBuildFile; fileRef = F418D98C1CA5A6D700426733 /* main.m */; };
		F418D9901CA5A6D700426733 /* AppDelegate.m in Sources */ = {isa = PBXBuildFile; fileRef = F418D98F1CA5A6D700426733 /* AppDelegate.m */; };
		F418D9931CA5A6D700426733 /* ViewController.m in Sources */ = {isa = PBXBuildFile; fileRef = F418D9921CA5A6D700426733 /* ViewController.m */; };
		F418D9961CA5A6D700426733 /* Main.storyboard in Resources */ = {isa = PBXBuildFile; fileRef = F418D9941CA5A6D700426733 /* Main.storyboard */; };
		F418D9981CA5A6D700426733 /* Assets.xcassets in Resources */ = {isa = PBXBuildFile; fileRef = F418D9971CA5A6D700426733 /* Assets.xcassets */; };
		F418D99B1CA5A6D700426733 /* LaunchScreen.storyboard in Resources */ = {isa = PBXBuildFile; fileRef = F418D9991CA5A6D700426733 /* LaunchScreen.storyboard */; };
		F418D9B31CA5A75F00426733 /* libAPIStoreSDK.a in Frameworks */ = {isa = PBXBuildFile; fileRef = F418D9A61CA5A75F00426733 /* libAPIStoreSDK.a */; };
		F418D9B41CA5A75F00426733 /* DXNetRequest.m in Sources */ = {isa = PBXBuildFile; fileRef = F418D9A91CA5A75F00426733 /* DXNetRequest.m */; };
		F418D9B81CA5AA3600426733 /* DXConst.m in Sources */ = {isa = PBXBuildFile; fileRef = F418D9B71CA5AA3600426733 /* DXConst.m */; };
		F418D9D41CA5AC9600426733 /* NSArray+Category.m in Sources */ = {isa = PBXBuildFile; fileRef = F418D9BC1CA5AC9600426733 /* NSArray+Category.m */; };
		F418D9D51CA5AC9600426733 /* NSDate+Category.m in Sources */ = {isa = PBXBuildFile; fileRef = F418D9BE1CA5AC9600426733 /* NSDate+Category.m */; };
		F418D9D61CA5AC9600426733 /* NSDictionary+Category.m in Sources */ = {isa = PBXBuildFile; fileRef = F418D9C01CA5AC9600426733 /* NSDictionary+Category.m */; };
		F418D9D71CA5AC9600426733 /* NSNumber+Category.m in Sources */ = {isa = PBXBuildFile; fileRef = F418D9C21CA5AC9600426733 /* NSNumber+Category.m */; };
		F418D9D81CA5AC9600426733 /* NSString+Category.m in Sources */ = {isa = PBXBuildFile; fileRef = F418D9C41CA5AC9600426733 /* NSString+Category.m */; };
		F418D9D91CA5AC9600426733 /* UIApplication+Category.m in Sources */ = {isa = PBXBuildFile; fileRef = F418D9C61CA5AC9600426733 /* UIApplication+Category.m */; };
		F418D9DA1CA5AC9600426733 /* UIColor+Category.m in Sources */ = {isa = PBXBuildFile; fileRef = F418D9C81CA5AC9600426733 /* UIColor+Category.m */; };
		F418D9DB1CA5AC9600426733 /* UIImage+Category.m in Sources */ = {isa = PBXBuildFile; fileRef = F418D9CA1CA5AC9600426733 /* UIImage+Category.m */; };
		F418D9DC1CA5AC9600426733 /* UIScreen+Category.m in Sources */ = {isa = PBXBuildFile; fileRef = F418D9CC1CA5AC9600426733 /* UIScreen+Category.m */; };
		F418D9DD1CA5AC9600426733 /* UIScrollView+Category.m in Sources */ = {isa = PBXBuildFile; fileRef = F418D9CE1CA5AC9600426733 /* UIScrollView+Category.m */; };
		F418D9DE1CA5AC9600426733 /* UITableView+Category.m in Sources */ = {isa = PBXBuildFile; fileRef = F418D9D01CA5AC9600426733 /* UITableView+Category.m */; };
		F418D9DF1CA5AC9600426733 /* UIView+Category.m in Sources */ = {isa = PBXBuildFile; fileRef = F418D9D21CA5AC9600426733 /* UIView+Category.m */; };
		F418D9E21CA5ACB100426733 /* NSArray+Log.m in Sources */ = {isa = PBXBuildFile; fileRef = F418D9E11CA5ACB100426733 /* NSArray+Log.m */; };
/* End PBXBuildFile section */

/* Begin PBXFileReference section */
		F418D9881CA5A6D700426733 /* TuanGou.app */ = {isa = PBXFileReference; explicitFileType = wrapper.application; includeInIndex = 0; path = TuanGou.app; sourceTree = BUILT_PRODUCTS_DIR; };
		F418D98C1CA5A6D700426733 /* main.m */ = {isa = PBXFileReference; lastKnownFileType = sourcecode.c.objc; path = main.m; sourceTree = "<group>"; };
		F418D98E1CA5A6D700426733 /* AppDelegate.h */ = {isa = PBXFileReference; lastKnownFileType = sourcecode.c.h; path = AppDelegate.h; sourceTree = "<group>"; };
		F418D98F1CA5A6D700426733 /* AppDelegate.m */ = {isa = PBXFileReference; lastKnownFileType = sourcecode.c.objc; path = AppDelegate.m; sourceTree = "<group>"; };
		F418D9911CA5A6D700426733 /* ViewController.h */ = {isa = PBXFileReference; lastKnownFileType = sourcecode.c.h; path = ViewController.h; sourceTree = "<group>"; };
		F418D9921CA5A6D700426733 /* ViewController.m */ = {isa = PBXFileReference; lastKnownFileType = sourcecode.c.objc; path = ViewController.m; sourceTree = "<group>"; };
		F418D9951CA5A6D700426733 /* Base */ = {isa = PBXFileReference; lastKnownFileType = file.storyboard; name = Base; path = Base.lproj/Main.storyboard; sourceTree = "<group>"; };
		F418D9971CA5A6D700426733 /* Assets.xcassets */ = {isa = PBXFileReference; lastKnownFileType = folder.assetcatalog; path = Assets.xcassets; sourceTree = "<group>"; };
		F418D99A1CA5A6D700426733 /* Base */ = {isa = PBXFileReference; lastKnownFileType = file.storyboard; name = Base; path = Base.lproj/LaunchScreen.storyboard; sourceTree = "<group>"; };
		F418D99C1CA5A6D700426733 /* Info.plist */ = {isa = PBXFileReference; lastKnownFileType = text.plist.xml; path = Info.plist; sourceTree = "<group>"; };
		F418D9A51CA5A75F00426733 /* APIStoreSDK.h */ = {isa = PBXFileReference; fileEncoding = 4; lastKnownFileType = sourcecode.c.h; path = APIStoreSDK.h; sourceTree = "<group>"; };
		F418D9A61CA5A75F00426733 /* libAPIStoreSDK.a */ = {isa = PBXFileReference; lastKnownFileType = archive.ar; path = libAPIStoreSDK.a; sourceTree = "<group>"; };
		F418D9A81CA5A75F00426733 /* DXNetRequest.h */ = {isa = PBXFileReference; fileEncoding = 4; lastKnownFileType = sourcecode.c.h; path = DXNetRequest.h; sourceTree = "<group>"; };
		F418D9A91CA5A75F00426733 /* DXNetRequest.m */ = {isa = PBXFileReference; fileEncoding = 4; lastKnownFileType = sourcecode.c.objc; path = DXNetRequest.m; sourceTree = "<group>"; };
		F418D9B51CA5A80200426733 /* PrefixHeader.pch */ = {isa = PBXFileReference; lastKnownFileType = sourcecode.c.h; path = PrefixHeader.pch; sourceTree = "<group>"; };
		F418D9B61CA5AA3600426733 /* DXConst.h */ = {isa = PBXFileReference; fileEncoding = 4; lastKnownFileType = sourcecode.c.h; path = DXConst.h; sourceTree = "<group>"; };
		F418D9B71CA5AA3600426733 /* DXConst.m */ = {isa = PBXFileReference; fileEncoding = 4; lastKnownFileType = sourcecode.c.objc; path = DXConst.m; sourceTree = "<group>"; };
		F418D9BB1CA5AC9600426733 /* NSArray+Category.h */ = {isa = PBXFileReference; fileEncoding = 4; lastKnownFileType = sourcecode.c.h; path = "NSArray+Category.h"; sourceTree = "<group>"; };
		F418D9BC1CA5AC9600426733 /* NSArray+Category.m */ = {isa = PBXFileReference; fileEncoding = 4; lastKnownFileType = sourcecode.c.objc; path = "NSArray+Category.m"; sourceTree = "<group>"; };
		F418D9BD1CA5AC9600426733 /* NSDate+Category.h */ = {isa = PBXFileReference; fileEncoding = 4; lastKnownFileType = sourcecode.c.h; path = "NSDate+Category.h"; sourceTree = "<group>"; };
		F418D9BE1CA5AC9600426733 /* NSDate+Category.m */ = {isa = PBXFileReference; fileEncoding = 4; lastKnownFileType = sourcecode.c.objc; path = "NSDate+Category.m"; sourceTree = "<group>"; };
		F418D9BF1CA5AC9600426733 /* NSDictionary+Category.h */ = {isa = PBXFileReference; fileEncoding = 4; lastKnownFileType = sourcecode.c.h; path = "NSDictionary+Category.h"; sourceTree = "<group>"; };
		F418D9C01CA5AC9600426733 /* NSDictionary+Category.m */ = {isa = PBXFileReference; fileEncoding = 4; lastKnownFileType = sourcecode.c.objc; path = "NSDictionary+Category.m"; sourceTree = "<group>"; };
		F418D9C11CA5AC9600426733 /* NSNumber+Category.h */ = {isa = PBXFileReference; fileEncoding = 4; lastKnownFileType = sourcecode.c.h; path = "NSNumber+Category.h"; sourceTree = "<group>"; };
		F418D9C21CA5AC9600426733 /* NSNumber+Category.m */ = {isa = PBXFileReference; fileEncoding = 4; lastKnownFileType = sourcecode.c.objc; path = "NSNumber+Category.m"; sourceTree = "<group>"; };
		F418D9C31CA5AC9600426733 /* NSString+Category.h */ = {isa = PBXFileReference; fileEncoding = 4; lastKnownFileType = sourcecode.c.h; path = "NSString+Category.h"; sourceTree = "<group>"; };
		F418D9C41CA5AC9600426733 /* NSString+Category.m */ = {isa = PBXFileReference; fileEncoding = 4; lastKnownFileType = sourcecode.c.objc; path = "NSString+Category.m"; sourceTree = "<group>"; };
		F418D9C51CA5AC9600426733 /* UIApplication+Category.h */ = {isa = PBXFileReference; fileEncoding = 4; lastKnownFileType = sourcecode.c.h; path = "UIApplication+Category.h"; sourceTree = "<group>"; };
		F418D9C61CA5AC9600426733 /* UIApplication+Category.m */ = {isa = PBXFileReference; fileEncoding = 4; lastKnownFileType = sourcecode.c.objc; path = "UIApplication+Category.m"; sourceTree = "<group>"; };
		F418D9C71CA5AC9600426733 /* UIColor+Category.h */ = {isa = PBXFileReference; fileEncoding = 4; lastKnownFileType = sourcecode.c.h; path = "UIColor+Category.h"; sourceTree = "<group>"; };
		F418D9C81CA5AC9600426733 /* UIColor+Category.m */ = {isa = PBXFileReference; fileEncoding = 4; lastKnownFileType = sourcecode.c.objc; path = "UIColor+Category.m"; sourceTree = "<group>"; };
		F418D9C91CA5AC9600426733 /* UIImage+Category.h */ = {isa = PBXFileReference; fileEncoding = 4; lastKnownFileType = sourcecode.c.h; path = "UIImage+Category.h"; sourceTree = "<group>"; };
		F418D9CA1CA5AC9600426733 /* UIImage+Category.m */ = {isa = PBXFileReference; fileEncoding = 4; lastKnownFileType = sourcecode.c.objc; path = "UIImage+Category.m"; sourceTree = "<group>"; };
		F418D9CB1CA5AC9600426733 /* UIScreen+Category.h */ = {isa = PBXFileReference; fileEncoding = 4; lastKnownFileType = sourcecode.c.h; path = "UIScreen+Category.h"; sourceTree = "<group>"; };
		F418D9CC1CA5AC9600426733 /* UIScreen+Category.m */ = {isa = PBXFileReference; fileEncoding = 4; lastKnownFileType = sourcecode.c.objc; path = "UIScreen+Category.m"; sourceTree = "<group>"; };
		F418D9CD1CA5AC9600426733 /* UIScrollView+Category.h */ = {isa = PBXFileReference; fileEncoding = 4; lastKnownFileType = sourcecode.c.h; path = "UIScrollView+Category.h"; sourceTree = "<group>"; };
		F418D9CE1CA5AC9600426733 /* UIScrollView+Category.m */ = {isa = PBXFileReference; fileEncoding = 4; lastKnownFileType = sourcecode.c.objc; path = "UIScrollView+Category.m"; sourceTree = "<group>"; };
		F418D9CF1CA5AC9600426733 /* UITableView+Category.h */ = {isa = PBXFileReference; fileEncoding = 4; lastKnownFileType = sourcecode.c.h; path = "UITableView+Category.h"; sourceTree = "<group>"; };
		F418D9D01CA5AC9600426733 /* UITableView+Category.m */ = {isa = PBXFileReference; fileEncoding = 4; lastKnownFileType = sourcecode.c.objc; path = "UITableView+Category.m"; sourceTree = "<group>"; };
		F418D9D11CA5AC9600426733 /* UIView+Category.h */ = {isa = PBXFileReference; fileEncoding = 4; lastKnownFileType = sourcecode.c.h; path = "UIView+Category.h"; sourceTree = "<group>"; };
		F418D9D21CA5AC9600426733 /* UIView+Category.m */ = {isa = PBXFileReference; fileEncoding = 4; lastKnownFileType = sourcecode.c.objc; path = "UIView+Category.m"; sourceTree = "<group>"; };
		F418D9E01CA5ACB100426733 /* NSArray+Log.h */ = {isa = PBXFileReference; fileEncoding = 4; lastKnownFileType = sourcecode.c.h; path = "NSArray+Log.h"; sourceTree = "<group>"; };
		F418D9E11CA5ACB100426733 /* NSArray+Log.m */ = {isa = PBXFileReference; fileEncoding = 4; lastKnownFileType = sourcecode.c.objc; path = "NSArray+Log.m"; sourceTree = "<group>"; };
		F418D9E31CA5ADBB00426733 /* DXCategory.h */ = {isa = PBXFileReference; lastKnownFileType = sourcecode.c.h; path = DXCategory.h; sourceTree = "<group>"; };
/* End PBXFileReference section */

/* Begin PBXFrameworksBuildPhase section */
		F418D9851CA5A6D700426733 /* Frameworks */ = {
			isa = PBXFrameworksBuildPhase;
			buildActionMask = 2147483647;
			files = (
				F418D9B31CA5A75F00426733 /* libAPIStoreSDK.a in Frameworks */,
			);
			runOnlyForDeploymentPostprocessing = 0;
		};
/* End PBXFrameworksBuildPhase section */

/* Begin PBXGroup section */
		F418D97F1CA5A6D700426733 = {
			isa = PBXGroup;
			children = (
				F418D98A1CA5A6D700426733 /* TuanGou */,
				F418D9891CA5A6D700426733 /* Products */,
			);
			sourceTree = "<group>";
		};
		F418D9891CA5A6D700426733 /* Products */ = {
			isa = PBXGroup;
			children = (
				F418D9881CA5A6D700426733 /* TuanGou.app */,
			);
			name = Products;
			sourceTree = "<group>";
		};
		F418D98A1CA5A6D700426733 /* TuanGou */ = {
			isa = PBXGroup;
			children = (
				F418D9A21CA5A75F00426733 /* Classes */,
				F418D9911CA5A6D700426733 /* ViewController.h */,
				F418D9921CA5A6D700426733 /* ViewController.m */,
				F418D9941CA5A6D700426733 /* Main.storyboard */,
				F418D9991CA5A6D700426733 /* LaunchScreen.storyboard */,
				F418D98B1CA5A6D700426733 /* Supporting Files */,
			);
			path = TuanGou;
			sourceTree = "<group>";
		};
		F418D98B1CA5A6D700426733 /* Supporting Files */ = {
			isa = PBXGroup;
			children = (
				F418D98E1CA5A6D700426733 /* AppDelegate.h */,
				F418D98F1CA5A6D700426733 /* AppDelegate.m */,
				F418D9971CA5A6D700426733 /* Assets.xcassets */,
				F418D99C1CA5A6D700426733 /* Info.plist */,
				F418D98C1CA5A6D700426733 /* main.m */,
			);
			name = "Supporting Files";
			sourceTree = "<group>";
		};
		F418D9A21CA5A75F00426733 /* Classes */ = {
			isa = PBXGroup;
			children = (
				F418D9A31CA5A75F00426733 /* Common */,
				F418D9AA1CA5A75F00426733 /* Main */,
				F418D9AE1CA5A75F00426733 /* Other */,
			);
			path = Classes;
			sourceTree = "<group>";
		};
		F418D9A31CA5A75F00426733 /* Common */ = {
			isa = PBXGroup;
			children = (
				F418D9B91CA5AC9600426733 /* Category */,
				F418D9A41CA5A75F00426733 /* LIb */,
				F418D9A71CA5A75F00426733 /* NetTools */,
			);
			path = Common;
			sourceTree = "<group>";
		};
		F418D9A41CA5A75F00426733 /* LIb */ = {
			isa = PBXGroup;
			children = (
				F418D9A51CA5A75F00426733 /* APIStoreSDK.h */,
				F418D9A61CA5A75F00426733 /* libAPIStoreSDK.a */,
			);
			path = LIb;
			sourceTree = "<group>";
		};
		F418D9A71CA5A75F00426733 /* NetTools */ = {
			isa = PBXGroup;
			children = (
				F418D9A81CA5A75F00426733 /* DXNetRequest.h */,
				F418D9A91CA5A75F00426733 /* DXNetRequest.m */,
			);
			path = NetTools;
			sourceTree = "<group>";
		};
		F418D9AA1CA5A75F00426733 /* Main */ = {
			isa = PBXGroup;
			children = (
				F418D9AB1CA5A75F00426733 /* Controller */,
				F418D9AC1CA5A75F00426733 /* Model */,
				F418D9AD1CA5A75F00426733 /* View */,
			);
			path = Main;
			sourceTree = "<group>";
		};
		F418D9AB1CA5A75F00426733 /* Controller */ = {
			isa = PBXGroup;
			children = (
			);
			path = Controller;
			sourceTree = "<group>";
		};
		F418D9AC1CA5A75F00426733 /* Model */ = {
			isa = PBXGroup;
			children = (
			);
			path = Model;
			sourceTree = "<group>";
		};
		F418D9AD1CA5A75F00426733 /* View */ = {
			isa = PBXGroup;
			children = (
			);
			path = View;
			sourceTree = "<group>";
		};
		F418D9AE1CA5A75F00426733 /* Other */ = {
			isa = PBXGroup;
			children = (
				F418D9B51CA5A80200426733 /* PrefixHeader.pch */,
				F418D9B61CA5AA3600426733 /* DXConst.h */,
				F418D9B71CA5AA3600426733 /* DXConst.m */,
			);
			path = Other;
			sourceTree = "<group>";
		};
		F418D9B91CA5AC9600426733 /* Category */ = {
			isa = PBXGroup;
			children = (
				F418D9E01CA5ACB100426733 /* NSArray+Log.h */,
				F418D9E11CA5ACB100426733 /* NSArray+Log.m */,
				F418D9BB1CA5AC9600426733 /* NSArray+Category.h */,
				F418D9BC1CA5AC9600426733 /* NSArray+Category.m */,
				F418D9BD1CA5AC9600426733 /* NSDate+Category.h */,
				F418D9BE1CA5AC9600426733 /* NSDate+Category.m */,
				F418D9BF1CA5AC9600426733 /* NSDictionary+Category.h */,
				F418D9C01CA5AC9600426733 /* NSDictionary+Category.m */,
				F418D9C11CA5AC9600426733 /* NSNumber+Category.h */,
				F418D9C21CA5AC9600426733 /* NSNumber+Category.m */,
				F418D9C31CA5AC9600426733 /* NSString+Category.h */,
				F418D9C41CA5AC9600426733 /* NSString+Category.m */,
				F418D9C51CA5AC9600426733 /* UIApplication+Category.h */,
				F418D9C61CA5AC9600426733 /* UIApplication+Category.m */,
				F418D9C71CA5AC9600426733 /* UIColor+Category.h */,
				F418D9C81CA5AC9600426733 /* UIColor+Category.m */,
				F418D9C91CA5AC9600426733 /* UIImage+Category.h */,
				F418D9CA1CA5AC9600426733 /* UIImage+Category.m */,
				F418D9CB1CA5AC9600426733 /* UIScreen+Category.h */,
				F418D9CC1CA5AC9600426733 /* UIScreen+Category.m */,
				F418D9CD1CA5AC9600426733 /* UIScrollView+Category.h */,
				F418D9CE1CA5AC9600426733 /* UIScrollView+Category.m */,
				F418D9CF1CA5AC9600426733 /* UITableView+Category.h */,
				F418D9D01CA5AC9600426733 /* UITableView+Category.m */,
				F418D9D11CA5AC9600426733 /* UIView+Category.h */,
				F418D9D21CA5AC9600426733 /* UIView+Category.m */,
				F418D9E31CA5ADBB00426733 /* DXCategory.h */,
			);
			path = Category;
			sourceTree = "<group>";
		};
/* End PBXGroup section */

/* Begin PBXNativeTarget section */
		F418D9871CA5A6D700426733 /* TuanGou */ = {
			isa = PBXNativeTarget;
			buildConfigurationList = F418D99F1CA5A6D700426733 /* Build configuration list for PBXNativeTarget "TuanGou" */;
			buildPhases = (
				F418D9841CA5A6D700426733 /* Sources */,
				F418D9851CA5A6D700426733 /* Frameworks */,
				F418D9861CA5A6D700426733 /* Resources */,
			);
			buildRules = (
			);
			dependencies = (
			);
			name = TuanGou;
			productName = TuanGou;
			productReference = F418D9881CA5A6D700426733 /* TuanGou.app */;
			productType = "com.apple.product-type.application";
		};
/* End PBXNativeTarget section */

/* Begin PBXProject section */
		F418D9801CA5A6D700426733 /* Project object */ = {
			isa = PBXProject;
			attributes = {
				LastUpgradeCheck = 0720;
				ORGANIZATIONNAME = simon;
				TargetAttributes = {
					F418D9871CA5A6D700426733 = {
						CreatedOnToolsVersion = 7.2.1;
						DevelopmentTeam = T75E27W485;
					};
				};
			};
			buildConfigurationList = F418D9831CA5A6D700426733 /* Build configuration list for PBXProject "TuanGou" */;
			compatibilityVersion = "Xcode 3.2";
			developmentRegion = English;
			hasScannedForEncodings = 0;
			knownRegions = (
				en,
				Base,
			);
			mainGroup = F418D97F1CA5A6D700426733;
			productRefGroup = F418D9891CA5A6D700426733 /* Products */;
			projectDirPath = "";
			projectRoot = "";
			targets = (
				F418D9871CA5A6D700426733 /* TuanGou */,
			);
		};
/* End PBXProject section */

/* Begin PBXResourcesBuildPhase section */
		F418D9861CA5A6D700426733 /* Resources */ = {
			isa = PBXResourcesBuildPhase;
			buildActionMask = 2147483647;
			files = (
				F418D99B1CA5A6D700426733 /* LaunchScreen.storyboard in Resources */,
				F418D9981CA5A6D700426733 /* Assets.xcassets in Resources */,
				F418D9961CA5A6D700426733 /* Main.storyboard in Resources */,
			);
			runOnlyForDeploymentPostprocessing = 0;
		};
/* End PBXResourcesBuildPhase section */

/* Begin PBXSourcesBuildPhase section */
		F418D9841CA5A6D700426733 /* Sources */ = {
			isa = PBXSourcesBuildPhase;
			buildActionMask = 2147483647;
			files = (
				F418D9DF1CA5AC9600426733 /* UIView+Category.m in Sources */,
				F418D9931CA5A6D700426733 /* ViewController.m in Sources */,
				F418D9DD1CA5AC9600426733 /* UIScrollView+Category.m in Sources */,
				F418D9B41CA5A75F00426733 /* DXNetRequest.m in Sources */,
				F418D9D61CA5AC9600426733 /* NSDictionary+Category.m in Sources */,
				F418D9DC1CA5AC9600426733 /* UIScreen+Category.m in Sources */,
				F418D9D81CA5AC9600426733 /* NSString+Category.m in Sources */,
				F418D9D51CA5AC9600426733 /* NSDate+Category.m in Sources */,
				F418D9901CA5A6D700426733 /* AppDelegate.m in Sources */,
				F418D9E21CA5ACB100426733 /* NSArray+Log.m in Sources */,
				F418D9B81CA5AA3600426733 /* DXConst.m in Sources */,
				F418D9D91CA5AC9600426733 /* UIApplication+Category.m in Sources */,
				F418D9D71CA5AC9600426733 /* NSNumber+Category.m in Sources */,
				F418D9DE1CA5AC9600426733 /* UITableView+Category.m in Sources */,
				F418D9D41CA5AC9600426733 /* NSArray+Category.m in Sources */,
				F418D98D1CA5A6D700426733 /* main.m in Sources */,
				F418D9DA1CA5AC9600426733 /* UIColor+Category.m in Sources */,
				F418D9DB1CA5AC9600426733 /* UIImage+Category.m in Sources */,
			);
			runOnlyForDeploymentPostprocessing = 0;
		};
/* End PBXSourcesBuildPhase section */

/* Begin PBXVariantGroup section */
		F418D9941CA5A6D700426733 /* Main.storyboard */ = {
			isa = PBXVariantGroup;
			children = (
				F418D9951CA5A6D700426733 /* Base */,
			);
			name = Main.storyboard;
			sourceTree = "<group>";
		};
		F418D9991CA5A6D700426733 /* LaunchScreen.storyboard */ = {
			isa = PBXVariantGroup;
			children = (
				F418D99A1CA5A6D700426733 /* Base */,
			);
			name = LaunchScreen.storyboard;
			sourceTree = "<group>";
		};
/* End PBXVariantGroup section */

/* Begin XCBuildConfiguration section */
		F418D99D1CA5A6D700426733 /* Debug */ = {
			isa = XCBuildConfiguration;
			buildSettings = {
				ALWAYS_SEARCH_USER_PATHS = NO;
				CLANG_CXX_LANGUAGE_STANDARD = "gnu++0x";
				CLANG_CXX_LIBRARY = "libc++";
				CLANG_ENABLE_MODULES = YES;
				CLANG_ENABLE_OBJC_ARC = YES;
				CLANG_WARN_BOOL_CONVERSION = YES;
				CLANG_WARN_CONSTANT_CONVERSION = YES;
				CLANG_WARN_DIRECT_OBJC_ISA_USAGE = YES_ERROR;
				CLANG_WARN_EMPTY_BODY = YES;
				CLANG_WARN_ENUM_CONVERSION = YES;
				CLANG_WARN_INT_CONVERSION = YES;
				CLANG_WARN_OBJC_ROOT_CLASS = YES_ERROR;
				CLANG_WARN_UNREACHABLE_CODE = YES;
				CLANG_WARN__DUPLICATE_METHOD_MATCH = YES;
				"CODE_SIGN_IDENTITY[sdk=iphoneos*]" = "iPhone Developer";
				COPY_PHASE_STRIP = NO;
				DEBUG_INFORMATION_FORMAT = dwarf;
				ENABLE_STRICT_OBJC_MSGSEND = YES;
				ENABLE_TESTABILITY = YES;
				GCC_C_LANGUAGE_STANDARD = gnu99;
				GCC_DYNAMIC_NO_PIC = NO;
				GCC_NO_COMMON_BLOCKS = YES;
				GCC_OPTIMIZATION_LEVEL = 0;
				GCC_PREPROCESSOR_DEFINITIONS = (
					"DEBUG=1",
					"$(inherited)",
				);
				GCC_WARN_64_TO_32_BIT_CONVERSION = YES;
				GCC_WARN_ABOUT_RETURN_TYPE = YES_ERROR;
				GCC_WARN_UNDECLARED_SELECTOR = YES;
				GCC_WARN_UNINITIALIZED_AUTOS = YES_AGGRESSIVE;
				GCC_WARN_UNUSED_FUNCTION = YES;
				GCC_WARN_UNUSED_VARIABLE = YES;
				IPHONEOS_DEPLOYMENT_TARGET = 9.2;
				MTL_ENABLE_DEBUG_INFO = YES;
				ONLY_ACTIVE_ARCH = YES;
				SDKROOT = iphoneos;
			};
			name = Debug;
		};
		F418D99E1CA5A6D700426733 /* Release */ = {
			isa = XCBuildConfiguration;
			buildSettings = {
				ALWAYS_SEARCH_USER_PATHS = NO;
				CLANG_CXX_LANGUAGE_STANDARD = "gnu++0x";
				CLANG_CXX_LIBRARY = "libc++";
				CLANG_ENABLE_MODULES = YES;
				CLANG_ENABLE_OBJC_ARC = YES;
				CLANG_WARN_BOOL_CONVERSION = YES;
				CLANG_WARN_CONSTANT_CONVERSION = YES;
				CLANG_WARN_DIRECT_OBJC_ISA_USAGE = YES_ERROR;
				CLANG_WARN_EMPTY_BODY = YES;
				CLANG_WARN_ENUM_CONVERSION = YES;
				CLANG_WARN_INT_CONVERSION = YES;
				CLANG_WARN_OBJC_ROOT_CLASS = YES_ERROR;
				CLANG_WARN_UNREACHABLE_CODE = YES;
				CLANG_WARN__DUPLICATE_METHOD_MATCH = YES;
				"CODE_SIGN_IDENTITY[sdk=iphoneos*]" = "iPhone Developer";
				COPY_PHASE_STRIP = NO;
				DEBUG_INFORMATION_FORMAT = "dwarf-with-dsym";
				ENABLE_NS_ASSERTIONS = NO;
				ENABLE_STRICT_OBJC_MSGSEND = YES;
				GCC_C_LANGUAGE_STANDARD = gnu99;
				GCC_NO_COMMON_BLOCKS = YES;
				GCC_WARN_64_TO_32_BIT_CONVERSION = YES;
				GCC_WARN_ABOUT_RETURN_TYPE = YES_ERROR;
				GCC_WARN_UNDECLARED_SELECTOR = YES;
				GCC_WARN_UNINITIALIZED_AUTOS = YES_AGGRESSIVE;
				GCC_WARN_UNUSED_FUNCTION = YES;
				GCC_WARN_UNUSED_VARIABLE = YES;
				IPHONEOS_DEPLOYMENT_TARGET = 9.2;
				MTL_ENABLE_DEBUG_INFO = NO;
				SDKROOT = iphoneos;
				VALIDATE_PRODUCT = YES;
			};
			name = Release;
		};
		F418D9A01CA5A6D700426733 /* Debug */ = {
			isa = XCBuildConfiguration;
			buildSettings = {
				ASSETCATALOG_COMPILER_APPICON_NAME = AppIcon;
				EXECUTABLE_PREFIX = "";
				GCC_PREFIX_HEADER = TuanGou/Classes/Other/PrefixHeader.pch;
				INFOPLIST_FILE = TuanGou/Info.plist;
				LD_RUNPATH_SEARCH_PATHS = "$(inherited) @executable_path/Frameworks";
				LIBRARY_SEARCH_PATHS = (
					"$(inherited)",
					"$(PROJECT_DIR)/TuanGou/Classes/Common/LIb",
				);
				PRODUCT_BUNDLE_IDENTIFIER = dingxu.TuanGou;
				PRODUCT_NAME = "$(TARGET_NAME)";
			};
			name = Debug;
		};
		F418D9A11CA5A6D700426733 /* Release */ = {
			isa = XCBuildConfiguration;
			buildSettings = {
				ASSETCATALOG_COMPILER_APPICON_NAME = AppIcon;
				EXECUTABLE_PREFIX = "";
				GCC_PREFIX_HEADER = TuanGou/Classes/Other/PrefixHeader.pch;
				INFOPLIST_FILE = TuanGou/Info.plist;
				LD_RUNPATH_SEARCH_PATHS = "$(inherited) @executable_path/Frameworks";
				LIBRARY_SEARCH_PATHS = (
					"$(inherited)",
					"$(PROJECT_DIR)/TuanGou/Classes/Common/LIb",
				);
				PRODUCT_BUNDLE_IDENTIFIER = dingxu.TuanGou;
				PRODUCT_NAME = "$(TARGET_NAME)";
			};
			name = Release;
		};
/* End XCBuildConfiguration section */

/* Begin XCConfigurationList section */
		F418D9831CA5A6D700426733 /* Build configuration list for PBXProject "TuanGou" */ = {
			isa = XCConfigurationList;
			buildConfigurations = (
				F418D99D1CA5A6D700426733 /* Debug */,
				F418D99E1CA5A6D700426733 /* Release */,
			);
			defaultConfigurationIsVisible = 0;
			defaultConfigurationName = Release;
		};
		F418D99F1CA5A6D700426733 /* Build configuration list for PBXNativeTarget "TuanGou" */ = {
			isa = XCConfigurationList;
			buildConfigurations = (
				F418D9A01CA5A6D700426733 /* Debug */,
				F418D9A11CA5A6D700426733 /* Release */,
			);
			defaultConfigurationIsVisible = 0;
			defaultConfigurationName = Release;
		};
/* End XCConfigurationList section */
	};
	rootObject = F418D9801CA5A6D700426733 /* Project object */;
}
